
Microsoft Visual Studio Solution File, Format Version 12.00
# Visual Studio 14
VisualStudioVersion = 14.0.25420.1
MinimumVisualStudioVersion = 10.0.40219.1
Project("{FAE04EC0-301F-11D3-BF4B-00C04F79EFBC}") = "AluPlast.ControlLoader.UWPClient", "AluPlast.ControlLoader.UWPClient\AluPlast.ControlLoader.UWPClient.csproj", "{02DB5E1B-27E1-4C5B-B0EF-7556E026940B}"
EndProject
Global
	GlobalSection(SolutionConfigurationPlatforms) = preSolution
		Debug|ARM = Debug|ARM
		Debug|x64 = Debug|x64
		Debug|x86 = Debug|x86
		Release|ARM = Release|ARM
		Release|x64 = Release|x64
		Release|x86 = Release|x86
	EndGlobalSection
	GlobalSection(ProjectConfigurationPlatforms) = postSolution
		{02DB5E1B-27E1-4C5B-B0EF-7556E026940B}.Debug|ARM.ActiveCfg = Debug|ARM
		{02DB5E1B-27E1-4C5B-B0EF-7556E026940B}.Debug|ARM.Build.0 = Debug|ARM
		{02DB5E1B-27E1-4C5B-B0EF-7556E026940B}.Debug|ARM.Deploy.0 = Debug|ARM
		{02DB5E1B-27E1-4C5B-B0EF-7556E026940B}.Debug|x64.ActiveCfg = Debug|x64
		{02DB5E1B-27E1-4C5B-B0EF-7556E026940B}.Debug|x64.Build.0 = Debug|x64
		{02DB5E1B-27E1-4C5B-B0EF-7556E026940B}.Debug|x64.Deploy.0 = Debug|x64
		{02DB5E1B-27E1-4C5B-B0EF-7556E026940B}.Debug|x86.ActiveCfg = Debug|x86
		{02DB5E1B-27E1-4C5B-B0EF-7556E026940B}.Debug|x86.Build.0 = Debug|x86
		{02DB5E1B-27E1-4C5B-B0EF-7556E026940B}.Debug|x86.Deploy.0 = Debug|x86
		{02DB5E1B-27E1-4C5B-B0EF-7556E026940B}.Release|ARM.ActiveCfg = Release|ARM
		{02DB5E1B-27E1-4C5B-B0EF-7556E026940B}.Release|ARM.Build.0 = Release|ARM
		{02DB5E1B-27E1-4C5B-B0EF-7556E026940B}.Release|ARM.Deploy.0 = Release|ARM
		{02DB5E1B-27E1-4C5B-B0EF-7556E026940B}.Release|x64.ActiveCfg = Release|x64
		{02DB5E1B-27E1-4C5B-B0EF-7556E026940B}.Release|x64.Build.0 = Release|x64
		{02DB5E1B-27E1-4C5B-B0EF-7556E026940B}.Release|x64.Deploy.0 = Release|x64
		{02DB5E1B-27E1-4C5B-B0EF-7556E026940B}.Release|x86.ActiveCfg = Release|x86
		{02DB5E1B-27E1-4C5B-B0EF-7556E026940B}.Release|x86.Build.0 = Release|x86
		{02DB5E1B-27E1-4C5B-B0EF-7556E026940B}.Release|x86.Deploy.0 = Release|x86
	EndGlobalSection
	GlobalSection(SolutionProperties) = preSolution
		HideSolutionNode = FALSE
	EndGlobalSection
EndGlobal
